// !$*UTF8*$!
{
	archiveVersion = 1;
	classes = {
	};
	objectVersion = 46;
	objects = {

/* Begin PBXBuildFile section */
		0214D0991D523CAE00EC2BBA /* AppDelegate.swift in Sources */ = {isa = PBXBuildFile; fileRef = 0214D0981D523CAE00EC2BBA /* AppDelegate.swift */; };
		0214D09B1D523CAE00EC2BBA /* ViewController.swift in Sources */ = {isa = PBXBuildFile; fileRef = 0214D09A1D523CAE00EC2BBA /* ViewController.swift */; };
		0214D09E1D523CAE00EC2BBA /* Main.storyboard in Resources */ = {isa = PBXBuildFile; fileRef = 0214D09C1D523CAE00EC2BBA /* Main.storyboard */; };
		0214D0A01D523CAE00EC2BBA /* Assets.xcassets in Resources */ = {isa = PBXBuildFile; fileRef = 0214D09F1D523CAE00EC2BBA /* Assets.xcassets */; };
		0214D0A31D523CAE00EC2BBA /* LaunchScreen.storyboard in Resources */ = {isa = PBXBuildFile; fileRef = 0214D0A11D523CAE00EC2BBA /* LaunchScreen.storyboard */; };
		0214D0AB1D523FDA00EC2BBA /* pokemon.csv in Resources */ = {isa = PBXBuildFile; fileRef = 0214D0AA1D523FDA00EC2BBA /* pokemon.csv */; };
/* End PBXBuildFile section */

/* Begin PBXFileReference section */
		0214D0951D523CAD00EC2BBA /* pokedex.app */ = {isa = PBXFileReference; explicitFileType = wrapper.application; includeInIndex = 0; path = pokedex.app; sourceTree = BUILT_PRODUCTS_DIR; };
		0214D0981D523CAE00EC2BBA /* AppDelegate.swift */ = {isa = PBXFileReference; lastKnownFileType = sourcecode.swift; path = AppDelegate.swift; sourceTree = "<group>"; };
		0214D09A1D523CAE00EC2BBA /* ViewController.swift */ = {isa = PBXFileReference; lastKnownFileType = sourcecode.swift; path = ViewController.swift; sourceTree = "<group>"; };
		0214D09D1D523CAE00EC2BBA /* Base */ = {isa = PBXFileReference; lastKnownFileType = file.storyboard; name = Base; path = Base.lproj/Main.storyboard; sourceTree = "<group>"; };
		0214D09F1D523CAE00EC2BBA /* Assets.xcassets */ = {isa = PBXFileReference; lastKnownFileType = folder.assetcatalog; path = Assets.xcassets; sourceTree = "<group>"; };
		0214D0A21D523CAE00EC2BBA /* Base */ = {isa = PBXFileReference; lastKnownFileType = file.storyboard; name = Base; path = Base.lproj/LaunchScreen.storyboard; sourceTree = "<group>"; };
		0214D0A41D523CAE00EC2BBA /* Info.plist */ = {isa = PBXFileReference; lastKnownFileType = text.plist.xml; path = Info.plist; sourceTree = "<group>"; };
		0214D0AA1D523FDA00EC2BBA /* pokemon.csv */ = {isa = PBXFileReference; fileEncoding = 4; lastKnownFileType = text; path = pokemon.csv; sourceTree = "<group>"; };
/* End PBXFileReference section */

/* Begin PBXFrameworksBuildPhase section */
		0214D0921D523CAD00EC2BBA /* Frameworks */ = {
			isa = PBXFrameworksBuildPhase;
			buildActionMask = 2147483647;
			files = (
			);
			runOnlyForDeploymentPostprocessing = 0;
		};
/* End PBXFrameworksBuildPhase section */

/* Begin PBXGroup section */
		0214D08C1D523CAD00EC2BBA = {
			isa = PBXGroup;
			children = (
				0214D0971D523CAE00EC2BBA /* pokedex */,
				0214D0961D523CAD00EC2BBA /* Products */,
			);
			sourceTree = "<group>";
		};
		0214D0961D523CAD00EC2BBA /* Products */ = {
			isa = PBXGroup;
			children = (
				0214D0951D523CAD00EC2BBA /* pokedex.app */,
			);
			name = Products;
			sourceTree = "<group>";
		};
		0214D0971D523CAE00EC2BBA /* pokedex */ = {
			isa = PBXGroup;
			children = (
				0214D0AA1D523FDA00EC2BBA /* pokemon.csv */,
				0214D0981D523CAE00EC2BBA /* AppDelegate.swift */,
				0214D09A1D523CAE00EC2BBA /* ViewController.swift */,
				0214D09C1D523CAE00EC2BBA /* Main.storyboard */,
				0214D09F1D523CAE00EC2BBA /* Assets.xcassets */,
				0214D0A11D523CAE00EC2BBA /* LaunchScreen.storyboard */,
				0214D0A41D523CAE00EC2BBA /* Info.plist */,
			);
			path = pokedex;
			sourceTree = "<group>";
		};
/* End PBXGroup section */

/* Begin PBXNativeTarget section */
		0214D0941D523CAD00EC2BBA /* pokedex */ = {
			isa = PBXNativeTarget;
			buildConfigurationList = 0214D0A71D523CAE00EC2BBA /* Build configuration list for PBXNativeTarget "pokedex" */;
			buildPhases = (
				0214D0911D523CAD00EC2BBA /* Sources */,
				0214D0921D523CAD00EC2BBA /* Frameworks */,
				0214D0931D523CAD00EC2BBA /* Resources */,
			);
			buildRules = (
			);
			dependencies = (
			);
			name = pokedex;
			productName = pokedex;
			productReference = 0214D0951D523CAD00EC2BBA /* pokedex.app */;
			productType = "com.apple.product-type.application";
		};
/* End PBXNativeTarget section */

/* Begin PBXProject section */
		0214D08D1D523CAD00EC2BBA /* Project object */ = {
			isa = PBXProject;
			attributes = {
				LastSwiftUpdateCheck = 0730;
				LastUpgradeCheck = 0730;
				ORGANIZATIONNAME = 13thFloorMedia;
				TargetAttributes = {
					0214D0941D523CAD00EC2BBA = {
						CreatedOnToolsVersion = 7.3.1;
					};
				};
			};
			buildConfigurationList = 0214D0901D523CAD00EC2BBA /* Build configuration list for PBXProject "pokedex" */;
			compatibilityVersion = "Xcode 3.2";
			developmentRegion = English;
			hasScannedForEncodings = 0;
			knownRegions = (
				en,
				Base,
			);
			mainGroup = 0214D08C1D523CAD00EC2BBA;
			productRefGroup = 0214D0961D523CAD00EC2BBA /* Products */;
			projectDirPath = "";
			projectRoot = "";
			targets = (
				0214D0941D523CAD00EC2BBA /* pokedex */,
			);
		};
/* End PBXProject section */

/* Begin PBXResourcesBuildPhase section */
		0214D0931D523CAD00EC2BBA /* Resources */ = {
			isa = PBXResourcesBuildPhase;
			buildActionMask = 2147483647;
			files = (
				0214D0A31D523CAE00EC2BBA /* LaunchScreen.storyboard in Resources */,
				0214D0A01D523CAE00EC2BBA /* Assets.xcassets in Resources */,
				0214D0AB1D523FDA00EC2BBA /* pokemon.csv in Resources */,
				0214D09E1D523CAE00EC2BBA /* Main.storyboard in Resources */,
			);
			runOnlyForDeploymentPostprocessing = 0;
		};
/* End PBXResourcesBuildPhase section */

/* Begin PBXSourcesBuildPhase section */
		0214D0911D523CAD00EC2BBA /* Sources */ = {
			isa = PBXSourcesBuildPhase;
			buildActionMask = 2147483647;
			files = (
				0214D09B1D523CAE00EC2BBA /* ViewController.swift in Sources */,
				0214D0991D523CAE00EC2BBA /* AppDelegate.swift in Sources */,
			);
			runOnlyForDeploymentPostprocessing = 0;
		};
/* End PBXSourcesBuildPhase section */

/* Begin PBXVariantGroup section */
		0214D09C1D523CAE00EC2BBA /* Main.storyboard */ = {
			isa = PBXVariantGroup;
			children = (
				0214D09D1D523CAE00EC2BBA /* Base */,
			);
			name = Main.storyboard;
			sourceTree = "<group>";
		};
		0214D0A11D523CAE00EC2BBA /* LaunchScreen.storyboard */ = {
			isa = PBXVariantGroup;
			children = (
				0214D0A21D523CAE00EC2BBA /* Base */,
			);
			name = LaunchScreen.storyboard;
			sourceTree = "<group>";
		};
/* End PBXVariantGroup section */

/* Begin XCBuildConfiguration section */
		0214D0A51D523CAE00EC2BBA /* Debug */ = {
			isa = XCBuildConfiguration;
			buildSettings = {
				ALWAYS_SEARCH_USER_PATHS = NO;
				CLANG_ANALYZER_NONNULL = YES;
				CLANG_CXX_LANGUAGE_STANDARD = "gnu++0x";
				CLANG_CXX_LIBRARY = "libc++";
				CLANG_ENABLE_MODULES = YES;
				CLANG_ENABLE_OBJC_ARC = YES;
				CLANG_WARN_BOOL_CONVERSION = YES;
				CLANG_WARN_CONSTANT_CONVERSION = YES;
				CLANG_WARN_DIRECT_OBJC_ISA_USAGE = YES_ERROR;
				CLANG_WARN_EMPTY_BODY = YES;
				CLANG_WARN_ENUM_CONVERSION = YES;
				CLANG_WARN_INT_CONVERSION = YES;
				CLANG_WARN_OBJC_ROOT_CLASS = YES_ERROR;
				CLANG_WARN_UNREACHABLE_CODE = YES;
				CLANG_WARN__DUPLICATE_METHOD_MATCH = YES;
				"CODE_SIGN_IDENTITY[sdk=iphoneos*]" = "iPhone Developer";
				COPY_PHASE_STRIP = NO;
				DEBUG_INFORMATION_FORMAT = dwarf;
				ENABLE_STRICT_OBJC_MSGSEND = YES;
				ENABLE_TESTABILITY = YES;
				GCC_C_LANGUAGE_STANDARD = gnu99;
				GCC_DYNAMIC_NO_PIC = NO;
				GCC_NO_COMMON_BLOCKS = YES;
				GCC_OPTIMIZATION_LEVEL = 0;
				GCC_PREPROCESSOR_DEFINITIONS = (
					"DEBUG=1",
					"$(inherited)",
				);
				GCC_WARN_64_TO_32_BIT_CONVERSION = YES;
				GCC_WARN_ABOUT_RETURN_TYPE = YES_ERROR;
				GCC_WARN_UNDECLARED_SELECTOR = YES;
				GCC_WARN_UNINITIALIZED_AUTOS = YES_AGGRESSIVE;
				GCC_WARN_UNUSED_FUNCTION = YES;
				GCC_WARN_UNUSED_VARIABLE = YES;
				IPHONEOS_DEPLOYMENT_TARGET = 9.3;
				MTL_ENABLE_DEBUG_INFO = YES;
				ONLY_ACTIVE_ARCH = YES;
				SDKROOT = iphoneos;
				SWIFT_OPTIMIZATION_LEVEL = "-Onone";
			};
			name = Debug;
		};
		0214D0A61D523CAE00EC2BBA /* Release */ = {
			isa = XCBuildConfiguration;
			buildSettings = {
				ALWAYS_SEARCH_USER_PATHS = NO;
				CLANG_ANALYZER_NONNULL = YES;
				CLANG_CXX_LANGUAGE_STANDARD = "gnu++0x";
				CLANG_CXX_LIBRARY = "libc++";
				CLANG_ENABLE_MODULES = YES;
				CLANG_ENABLE_OBJC_ARC = YES;
				CLANG_WARN_BOOL_CONVERSION = YES;
				CLANG_WARN_CONSTANT_CONVERSION = YES;
				CLANG_WARN_DIRECT_OBJC_ISA_USAGE = YES_ERROR;
				CLANG_WARN_EMPTY_BODY = YES;
				CLANG_WARN_ENUM_CONVERSION = YES;
				CLANG_WARN_INT_CONVERSION = YES;
				CLANG_WARN_OBJC_ROOT_CLASS = YES_ERROR;
				CLANG_WARN_UNREACHABLE_CODE = YES;
				CLANG_WARN__DUPLICATE_METHOD_MATCH = YES;
				"CODE_SIGN_IDENTITY[sdk=iphoneos*]" = "iPhone Developer";
				COPY_PHASE_STRIP = NO;
				DEBUG_INFORMATION_FORMAT = "dwarf-with-dsym";
				ENABLE_NS_ASSERTIONS = NO;
				ENABLE_STRICT_OBJC_MSGSEND = YES;
				GCC_C_LANGUAGE_STANDARD = gnu99;
				GCC_NO_COMMON_BLOCKS = YES;
				GCC_WARN_64_TO_32_BIT_CONVERSION = YES;
				GCC_WARN_ABOUT_RETURN_TYPE = YES_ERROR;
				GCC_WARN_UNDECLARED_SELECTOR = YES;
				GCC_WARN_UNINITIALIZED_AUTOS = YES_AGGRESSIVE;
				GCC_WARN_UNUSED_FUNCTION = YES;
				GCC_WARN_UNUSED_VARIABLE = YES;
				IPHONEOS_DEPLOYMENT_TARGET = 9.3;
				MTL_ENABLE_DEBUG_INFO = NO;
				SDKROOT = iphoneos;
				VALIDATE_PRODUCT = YES;
			};
			name = Release;
		};
		0214D0A81D523CAE00EC2BBA /* Debug */ = {
			isa = XCBuildConfiguration;
			buildSettings = {
				ASSETCATALOG_COMPILER_APPICON_NAME = AppIcon;
				INFOPLIST_FILE = pokedex/Info.plist;
				LD_RUNPATH_SEARCH_PATHS = "$(inherited) @executable_path/Frameworks";
				PRODUCT_BUNDLE_IDENTIFIER = com.13thFloorMedia.pokedex;
				PRODUCT_NAME = "$(TARGET_NAME)";
			};
			name = Debug;
		};
		0214D0A91D523CAE00EC2BBA /* Release */ = {
			isa = XCBuildConfiguration;
			buildSettings = {
				ASSETCATALOG_COMPILER_APPICON_NAME = AppIcon;
				INFOPLIST_FILE = pokedex/Info.plist;
				LD_RUNPATH_SEARCH_PATHS = "$(inherited) @executable_path/Frameworks";
				PRODUCT_BUNDLE_IDENTIFIER = com.13thFloorMedia.pokedex;
				PRODUCT_NAME = "$(TARGET_NAME)";
			};
			name = Release;
		};
/* End XCBuildConfiguration section */

/* Begin XCConfigurationList section */
		0214D0901D523CAD00EC2BBA /* Build configuration list for PBXProject "pokedex" */ = {
			isa = XCConfigurationList;
			buildConfigurations = (
				0214D0A51D523CAE00EC2BBA /* Debug */,
				0214D0A61D523CAE00EC2BBA /* Release */,
			);
			defaultConfigurationIsVisible = 0;
			defaultConfigurationName = Release;
		};
		0214D0A71D523CAE00EC2BBA /* Build configuration list for PBXNativeTarget "pokedex" */ = {
			isa = XCConfigurationList;
			buildConfigurations = (
				0214D0A81D523CAE00EC2BBA /* Debug */,
				0214D0A91D523CAE00EC2BBA /* Release */,
			);
			defaultConfigurationIsVisible = 0;
		};
/* End XCConfigurationList section */
	};
	rootObject = 0214D08D1D523CAD00EC2BBA /* Project object */;
}
